// !$*UTF8*$!
{
	archiveVersion = 1;
	classes = {
	};
	objectVersion = 55;
	objects = {

/* Begin PBXBuildFile section */
		99481885283CB6350015EA53 /* UtilInfo.m in Sources */ = {isa = PBXBuildFile; fileRef = 99481884283CB6350015EA53 /* UtilInfo.m */; };
		997685412826442C0067EEA2 /* AppDelegate.m in Sources */ = {isa = PBXBuildFile; fileRef = 997685402826442C0067EEA2 /* AppDelegate.m */; };
		997685442826442C0067EEA2 /* SceneDelegate.m in Sources */ = {isa = PBXBuildFile; fileRef = 997685432826442C0067EEA2 /* SceneDelegate.m */; };
		997685472826442C0067EEA2 /* ViewController.m in Sources */ = {isa = PBXBuildFile; fileRef = 997685462826442C0067EEA2 /* ViewController.m */; };
		9976854A2826442C0067EEA2 /* Main.storyboard in Resources */ = {isa = PBXBuildFile; fileRef = 997685482826442C0067EEA2 /* Main.storyboard */; };
		9976854F2826442D0067EEA2 /* LaunchScreen.storyboard in Resources */ = {isa = PBXBuildFile; fileRef = 9976854D2826442D0067EEA2 /* LaunchScreen.storyboard */; };
		997685522826442D0067EEA2 /* main.m in Sources */ = {isa = PBXBuildFile; fileRef = 997685512826442D0067EEA2 /* main.m */; };
		99768566282648590067EEA2 /* MainViewController.m in Sources */ = {isa = PBXBuildFile; fileRef = 99768565282648590067EEA2 /* MainViewController.m */; };
		99768569282648BB0067EEA2 /* ExampleViewController.m in Sources */ = {isa = PBXBuildFile; fileRef = 99768568282648BB0067EEA2 /* ExampleViewController.m */; };
		9976858128264AA80067EEA2 /* ProducerExampleDestroyController.m in Sources */ = {isa = PBXBuildFile; fileRef = 9976857228264AA80067EEA2 /* ProducerExampleDestroyController.m */; };
		9976858228264AA80067EEA2 /* ProducerExampleController.m in Sources */ = {isa = PBXBuildFile; fileRef = 9976857328264AA80067EEA2 /* ProducerExampleController.m */; };
		9976858A28264EBA0067EEA2 /* Assets.xcassets in Resources */ = {isa = PBXBuildFile; fileRef = 9976858928264EB90067EEA2 /* Assets.xcassets */; };
		99768599282651340067EEA2 /* LaunchScreen.storyboard in Resources */ = {isa = PBXBuildFile; fileRef = 99768595282651340067EEA2 /* LaunchScreen.storyboard */; };
		9976859A282651340067EEA2 /* Main.storyboard in Resources */ = {isa = PBXBuildFile; fileRef = 99768597282651340067EEA2 /* Main.storyboard */; };
		AAF7CA2525608CA5874A8C1F /* Pods_TencentCloundLogDemo.framework in Frameworks */ = {isa = PBXBuildFile; fileRef = 66F9E4196D10F19AB6AB1347 /* Pods_TencentCloundLogDemo.framework */; };
/* End PBXBuildFile section */

/* Begin PBXFileReference section */
		66F9E4196D10F19AB6AB1347 /* Pods_TencentCloundLogDemo.framework */ = {isa = PBXFileReference; explicitFileType = wrapper.framework; includeInIndex = 0; path = Pods_TencentCloundLogDemo.framework; sourceTree = BUILT_PRODUCTS_DIR; };
		6BF8731F6FCBABA9A9D78AFE /* Pods-TencentCloundLogDemo.debug.xcconfig */ = {isa = PBXFileReference; includeInIndex = 1; lastKnownFileType = text.xcconfig; name = "Pods-TencentCloundLogDemo.debug.xcconfig"; path = "Target Support Files/Pods-TencentCloundLogDemo/Pods-TencentCloundLogDemo.debug.xcconfig"; sourceTree = "<group>"; };
		99481883283CB6350015EA53 /* UtilInfo.h */ = {isa = PBXFileReference; lastKnownFileType = sourcecode.c.h; path = UtilInfo.h; sourceTree = "<group>"; };
		99481884283CB6350015EA53 /* UtilInfo.m */ = {isa = PBXFileReference; lastKnownFileType = sourcecode.c.objc; path = UtilInfo.m; sourceTree = "<group>"; };
		9976853C2826442C0067EEA2 /* TencentCloundLogDemo.app */ = {isa = PBXFileReference; explicitFileType = wrapper.application; includeInIndex = 0; path = TencentCloundLogDemo.app; sourceTree = BUILT_PRODUCTS_DIR; };
		9976853F2826442C0067EEA2 /* AppDelegate.h */ = {isa = PBXFileReference; lastKnownFileType = sourcecode.c.h; path = AppDelegate.h; sourceTree = "<group>"; };
		997685402826442C0067EEA2 /* AppDelegate.m */ = {isa = PBXFileReference; lastKnownFileType = sourcecode.c.objc; path = AppDelegate.m; sourceTree = "<group>"; };
		997685422826442C0067EEA2 /* SceneDelegate.h */ = {isa = PBXFileReference; lastKnownFileType = sourcecode.c.h; path = SceneDelegate.h; sourceTree = "<group>"; };
		997685432826442C0067EEA2 /* SceneDelegate.m */ = {isa = PBXFileReference; lastKnownFileType = sourcecode.c.objc; path = SceneDelegate.m; sourceTree = "<group>"; };
		997685452826442C0067EEA2 /* ViewController.h */ = {isa = PBXFileReference; lastKnownFileType = sourcecode.c.h; path = ViewController.h; sourceTree = "<group>"; };
		997685462826442C0067EEA2 /* ViewController.m */ = {isa = PBXFileReference; lastKnownFileType = sourcecode.c.objc; path = ViewController.m; sourceTree = "<group>"; };
		997685492826442C0067EEA2 /* Base */ = {isa = PBXFileReference; lastKnownFileType = file.storyboard; name = Base; path = Base.lproj/Main.storyboard; sourceTree = "<group>"; };
		9976854B2826442D0067EEA2 /* Assets.xcassets */ = {isa = PBXFileReference; lastKnownFileType = folder.assetcatalog; path = Assets.xcassets; sourceTree = "<group>"; };
		9976854E2826442D0067EEA2 /* Base */ = {isa = PBXFileReference; lastKnownFileType = file.storyboard; name = Base; path = Base.lproj/LaunchScreen.storyboard; sourceTree = "<group>"; };
		997685502826442D0067EEA2 /* Info.plist */ = {isa = PBXFileReference; lastKnownFileType = text.plist.xml; path = Info.plist; sourceTree = "<group>"; };
		997685512826442D0067EEA2 /* main.m */ = {isa = PBXFileReference; lastKnownFileType = sourcecode.c.objc; path = main.m; sourceTree = "<group>"; };
		99768564282648590067EEA2 /* MainViewController.h */ = {isa = PBXFileReference; lastKnownFileType = sourcecode.c.h; path = MainViewController.h; sourceTree = "<group>"; };
		99768565282648590067EEA2 /* MainViewController.m */ = {isa = PBXFileReference; lastKnownFileType = sourcecode.c.objc; path = MainViewController.m; sourceTree = "<group>"; };
		99768567282648BB0067EEA2 /* ExampleViewController.h */ = {isa = PBXFileReference; lastKnownFileType = sourcecode.c.h; path = ExampleViewController.h; sourceTree = "<group>"; };
		99768568282648BB0067EEA2 /* ExampleViewController.m */ = {isa = PBXFileReference; lastKnownFileType = sourcecode.c.objc; path = ExampleViewController.m; sourceTree = "<group>"; };
		9976856D282649EB0067EEA2 /* PrefixHeader.pch */ = {isa = PBXFileReference; fileEncoding = 4; lastKnownFileType = sourcecode.c.h; path = PrefixHeader.pch; sourceTree = "<group>"; };
		9976857228264AA80067EEA2 /* ProducerExampleDestroyController.m */ = {isa = PBXFileReference; fileEncoding = 4; lastKnownFileType = sourcecode.c.objc; path = ProducerExampleDestroyController.m; sourceTree = "<group>"; };
		9976857328264AA80067EEA2 /* ProducerExampleController.m */ = {isa = PBXFileReference; fileEncoding = 4; lastKnownFileType = sourcecode.c.objc; path = ProducerExampleController.m; sourceTree = "<group>"; };
		9976857728264AA80067EEA2 /* ProducerExampleDestroyController.h */ = {isa = PBXFileReference; fileEncoding = 4; lastKnownFileType = sourcecode.c.h; path = ProducerExampleDestroyController.h; sourceTree = "<group>"; };
		9976857928264AA80067EEA2 /* ProducerExampleController.h */ = {isa = PBXFileReference; fileEncoding = 4; lastKnownFileType = sourcecode.c.h; path = ProducerExampleController.h; sourceTree = "<group>"; };
		9976858928264EB90067EEA2 /* Assets.xcassets */ = {isa = PBXFileReference; lastKnownFileType = folder.assetcatalog; path = Assets.xcassets; sourceTree = "<group>"; };
		99768596282651340067EEA2 /* Base */ = {isa = PBXFileReference; lastKnownFileType = file.storyboard; name = Base; path = LaunchScreen.storyboard; sourceTree = "<group>"; };
		99768598282651340067EEA2 /* Base */ = {isa = PBXFileReference; lastKnownFileType = file.storyboard; name = Base; path = Main.storyboard; sourceTree = "<group>"; };
		DDE72EC522F1FDB1AE42B1AF /* Pods-TencentCloundLogDemo.release.xcconfig */ = {isa = PBXFileReference; includeInIndex = 1; lastKnownFileType = text.xcconfig; name = "Pods-TencentCloundLogDemo.release.xcconfig"; path = "Target Support Files/Pods-TencentCloundLogDemo/Pods-TencentCloundLogDemo.release.xcconfig"; sourceTree = "<group>"; };
/* End PBXFileReference section */

/* Begin PBXFrameworksBuildPhase section */
		997685392826442C0067EEA2 /* Frameworks */ = {
			isa = PBXFrameworksBuildPhase;
			buildActionMask = 2147483647;
			files = (
				AAF7CA2525608CA5874A8C1F /* Pods_TencentCloundLogDemo.framework in Frameworks */,
			);
			runOnlyForDeploymentPostprocessing = 0;
		};
/* End PBXFrameworksBuildPhase section */

/* Begin PBXGroup section */
		526ED98B72606EFB65677CB8 /* Pods */ = {
			isa = PBXGroup;
			children = (
				6BF8731F6FCBABA9A9D78AFE /* Pods-TencentCloundLogDemo.debug.xcconfig */,
				DDE72EC522F1FDB1AE42B1AF /* Pods-TencentCloundLogDemo.release.xcconfig */,
			);
			path = Pods;
			sourceTree = "<group>";
		};
		55A24ED76C7C4ABCCB64E37C /* Frameworks */ = {
			isa = PBXGroup;
			children = (
				66F9E4196D10F19AB6AB1347 /* Pods_TencentCloundLogDemo.framework */,
			);
			name = Frameworks;
			sourceTree = "<group>";
		};
		997685332826442C0067EEA2 = {
			isa = PBXGroup;
			children = (
				9976856D282649EB0067EEA2 /* PrefixHeader.pch */,
				9976853E2826442C0067EEA2 /* TencentCloundLogDemo */,
				9976853D2826442C0067EEA2 /* Products */,
				526ED98B72606EFB65677CB8 /* Pods */,
				55A24ED76C7C4ABCCB64E37C /* Frameworks */,
			);
			sourceTree = "<group>";
		};
		9976853D2826442C0067EEA2 /* Products */ = {
			isa = PBXGroup;
			children = (
				9976853C2826442C0067EEA2 /* TencentCloundLogDemo.app */,
			);
			name = Products;
			sourceTree = "<group>";
		};
		9976853E2826442C0067EEA2 /* TencentCloundLogDemo */ = {
			isa = PBXGroup;
			children = (
				99768594282651340067EEA2 /* Base.lproj */,
				9976858928264EB90067EEA2 /* Assets.xcassets */,
				9976856E28264AA80067EEA2 /* Example */,
				9976853F2826442C0067EEA2 /* AppDelegate.h */,
				997685402826442C0067EEA2 /* AppDelegate.m */,
				99768564282648590067EEA2 /* MainViewController.h */,
				99768565282648590067EEA2 /* MainViewController.m */,
				997685422826442C0067EEA2 /* SceneDelegate.h */,
				997685432826442C0067EEA2 /* SceneDelegate.m */,
				997685452826442C0067EEA2 /* ViewController.h */,
				997685462826442C0067EEA2 /* ViewController.m */,
				997685482826442C0067EEA2 /* Main.storyboard */,
				9976854B2826442D0067EEA2 /* Assets.xcassets */,
				9976854D2826442D0067EEA2 /* LaunchScreen.storyboard */,
				997685502826442D0067EEA2 /* Info.plist */,
				997685512826442D0067EEA2 /* main.m */,
				99768567282648BB0067EEA2 /* ExampleViewController.h */,
				99768568282648BB0067EEA2 /* ExampleViewController.m */,
				99481883283CB6350015EA53 /* UtilInfo.h */,
				99481884283CB6350015EA53 /* UtilInfo.m */,
			);
			path = TencentCloundLogDemo;
			sourceTree = "<group>";
		};
		9976856E28264AA80067EEA2 /* Example */ = {
			isa = PBXGroup;
			children = (
				9976856F28264AA80067EEA2 /* Producer */,
			);
			path = Example;
			sourceTree = "<group>";
		};
		9976856F28264AA80067EEA2 /* Producer */ = {
			isa = PBXGroup;
			children = (
				9976857228264AA80067EEA2 /* ProducerExampleDestroyController.m */,
				9976857328264AA80067EEA2 /* ProducerExampleController.m */,
				9976857728264AA80067EEA2 /* ProducerExampleDestroyController.h */,
				9976857928264AA80067EEA2 /* ProducerExampleController.h */,
			);
			path = Producer;
			sourceTree = "<group>";
		};
		99768594282651340067EEA2 /* Base.lproj */ = {
			isa = PBXGroup;
			children = (
				99768595282651340067EEA2 /* LaunchScreen.storyboard */,
				99768597282651340067EEA2 /* Main.storyboard */,
			);
			path = Base.lproj;
			sourceTree = "<group>";
		};
/* End PBXGroup section */

/* Begin PBXNativeTarget section */
		9976853B2826442C0067EEA2 /* TencentCloundLogDemo */ = {
			isa = PBXNativeTarget;
			buildConfigurationList = 997685552826442D0067EEA2 /* Build configuration list for PBXNativeTarget "TencentCloundLogDemo" */;
			buildPhases = (
				9E290D7A1E2D0C1A392CA52D /* [CP] Check Pods Manifest.lock */,
				997685382826442C0067EEA2 /* Sources */,
				997685392826442C0067EEA2 /* Frameworks */,
				9976853A2826442C0067EEA2 /* Resources */,
			);
			buildRules = (
			);
			dependencies = (
			);
			name = TencentCloundLogDemo;
			productName = TencentCloundLogDemo;
			productReference = 9976853C2826442C0067EEA2 /* TencentCloundLogDemo.app */;
			productType = "com.apple.product-type.application";
		};
/* End PBXNativeTarget section */

/* Begin PBXProject section */
		997685342826442C0067EEA2 /* Project object */ = {
			isa = PBXProject;
			attributes = {
				BuildIndependentTargetsInParallel = 1;
				LastUpgradeCheck = 1330;
				TargetAttributes = {
					9976853B2826442C0067EEA2 = {
						CreatedOnToolsVersion = 13.3;
					};
				};
			};
			buildConfigurationList = 997685372826442C0067EEA2 /* Build configuration list for PBXProject "TencentCloundLogDemo" */;
			compatibilityVersion = "Xcode 13.0";
			developmentRegion = en;
			hasScannedForEncodings = 0;
			knownRegions = (
				en,
				Base,
			);
			mainGroup = 997685332826442C0067EEA2;
			productRefGroup = 9976853D2826442C0067EEA2 /* Products */;
			projectDirPath = "";
			projectRoot = "";
			targets = (
				9976853B2826442C0067EEA2 /* TencentCloundLogDemo */,
			);
		};
/* End PBXProject section */

/* Begin PBXResourcesBuildPhase section */
		9976853A2826442C0067EEA2 /* Resources */ = {
			isa = PBXResourcesBuildPhase;
			buildActionMask = 2147483647;
			files = (
				9976854F2826442D0067EEA2 /* LaunchScreen.storyboard in Resources */,
				9976859A282651340067EEA2 /* Main.storyboard in Resources */,
				99768599282651340067EEA2 /* LaunchScreen.storyboard in Resources */,
				9976858A28264EBA0067EEA2 /* Assets.xcassets in Resources */,
				9976854A2826442C0067EEA2 /* Main.storyboard in Resources */,
			);
			runOnlyForDeploymentPostprocessing = 0;
		};
/* End PBXResourcesBuildPhase section */

/* Begin PBXShellScriptBuildPhase section */
		9E290D7A1E2D0C1A392CA52D /* [CP] Check Pods Manifest.lock */ = {
			isa = PBXShellScriptBuildPhase;
			buildActionMask = 2147483647;
			files = (
			);
			inputFileListPaths = (
			);
			inputPaths = (
				"${PODS_PODFILE_DIR_PATH}/Podfile.lock",
				"${PODS_ROOT}/Manifest.lock",
			);
			name = "[CP] Check Pods Manifest.lock";
			outputFileListPaths = (
			);
			outputPaths = (
				"$(DERIVED_FILE_DIR)/Pods-TencentCloundLogDemo-checkManifestLockResult.txt",
			);
			runOnlyForDeploymentPostprocessing = 0;
			shellPath = /bin/sh;
			shellScript = "diff \"${PODS_PODFILE_DIR_PATH}/Podfile.lock\" \"${PODS_ROOT}/Manifest.lock\" > /dev/null\nif [ $? != 0 ] ; then\n    # print error to STDERR\n    echo \"error: The sandbox is not in sync with the Podfile.lock. Run 'pod install' or update your CocoaPods installation.\" >&2\n    exit 1\nfi\n# This output is used by Xcode 'outputs' to avoid re-running this script phase.\necho \"SUCCESS\" > \"${SCRIPT_OUTPUT_FILE_0}\"\n";
			showEnvVarsInLog = 0;
		};
/* End PBXShellScriptBuildPhase section */

/* Begin PBXSourcesBuildPhase section */
		997685382826442C0067EEA2 /* Sources */ = {
			isa = PBXSourcesBuildPhase;
			buildActionMask = 2147483647;
			files = (
				997685472826442C0067EEA2 /* ViewController.m in Sources */,
				997685412826442C0067EEA2 /* AppDelegate.m in Sources */,
				997685522826442D0067EEA2 /* main.m in Sources */,
				9976858228264AA80067EEA2 /* ProducerExampleController.m in Sources */,
				99768569282648BB0067EEA2 /* ExampleViewController.m in Sources */,
				99768566282648590067EEA2 /* MainViewController.m in Sources */,
				99481885283CB6350015EA53 /* UtilInfo.m in Sources */,
				997685442826442C0067EEA2 /* SceneDelegate.m in Sources */,
				9976858128264AA80067EEA2 /* ProducerExampleDestroyController.m in Sources */,
			);
			runOnlyForDeploymentPostprocessing = 0;
		};
/* End PBXSourcesBuildPhase section */

/* Begin PBXVariantGroup section */
		997685482826442C0067EEA2 /* Main.storyboard */ = {
			isa = PBXVariantGroup;
			children = (
				997685492826442C0067EEA2 /* Base */,
			);
			name = Main.storyboard;
			sourceTree = "<group>";
		};
		9976854D2826442D0067EEA2 /* LaunchScreen.storyboard */ = {
			isa = PBXVariantGroup;
			children = (
				9976854E2826442D0067EEA2 /* Base */,
			);
			name = LaunchScreen.storyboard;
			sourceTree = "<group>";
		};
		99768595282651340067EEA2 /* LaunchScreen.storyboard */ = {
			isa = PBXVariantGroup;
			children = (
				99768596282651340067EEA2 /* Base */,
			);
			name = LaunchScreen.storyboard;
			sourceTree = "<group>";
		};
		99768597282651340067EEA2 /* Main.storyboard */ = {
			isa = PBXVariantGroup;
			children = (
				99768598282651340067EEA2 /* Base */,
			);
			name = Main.storyboard;
			sourceTree = "<group>";
		};
/* End PBXVariantGroup section */

/* Begin XCBuildConfiguration section */
		997685532826442D0067EEA2 /* Debug */ = {
			isa = XCBuildConfiguration;
			buildSettings = {
				ALWAYS_SEARCH_USER_PATHS = NO;
				CLANG_ANALYZER_NONNULL = YES;
				CLANG_ANALYZER_NUMBER_OBJECT_CONVERSION = YES_AGGRESSIVE;
				CLANG_CXX_LANGUAGE_STANDARD = "gnu++17";
				CLANG_ENABLE_MODULES = YES;
				CLANG_ENABLE_OBJC_ARC = YES;
				CLANG_ENABLE_OBJC_WEAK = YES;
				CLANG_WARN_BLOCK_CAPTURE_AUTORELEASING = YES;
				CLANG_WARN_BOOL_CONVERSION = YES;
				CLANG_WARN_COMMA = YES;
				CLANG_WARN_CONSTANT_CONVERSION = YES;
				CLANG_WARN_DEPRECATED_OBJC_IMPLEMENTATIONS = YES;
				CLANG_WARN_DIRECT_OBJC_ISA_USAGE = YES_ERROR;
				CLANG_WARN_DOCUMENTATION_COMMENTS = YES;
				CLANG_WARN_EMPTY_BODY = YES;
				CLANG_WARN_ENUM_CONVERSION = YES;
				CLANG_WARN_INFINITE_RECURSION = YES;
				CLANG_WARN_INT_CONVERSION = YES;
				CLANG_WARN_NON_LITERAL_NULL_CONVERSION = YES;
				CLANG_WARN_OBJC_IMPLICIT_RETAIN_SELF = YES;
				CLANG_WARN_OBJC_LITERAL_CONVERSION = YES;
				CLANG_WARN_OBJC_ROOT_CLASS = YES_ERROR;
				CLANG_WARN_QUOTED_INCLUDE_IN_FRAMEWORK_HEADER = YES;
				CLANG_WARN_RANGE_LOOP_ANALYSIS = YES;
				CLANG_WARN_STRICT_PROTOTYPES = YES;
				CLANG_WARN_SUSPICIOUS_MOVE = YES;
				CLANG_WARN_UNGUARDED_AVAILABILITY = YES_AGGRESSIVE;
				CLANG_WARN_UNREACHABLE_CODE = YES;
				CLANG_WARN__DUPLICATE_METHOD_MATCH = YES;
				COPY_PHASE_STRIP = NO;
				DEBUG_INFORMATION_FORMAT = dwarf;
				ENABLE_STRICT_OBJC_MSGSEND = YES;
				ENABLE_TESTABILITY = YES;
				GCC_C_LANGUAGE_STANDARD = gnu11;
				GCC_DYNAMIC_NO_PIC = NO;
				GCC_NO_COMMON_BLOCKS = YES;
				GCC_OPTIMIZATION_LEVEL = 0;
				GCC_PREPROCESSOR_DEFINITIONS = (
					"DEBUG=1",
					"$(inherited)",
				);
				GCC_WARN_64_TO_32_BIT_CONVERSION = YES;
				GCC_WARN_ABOUT_RETURN_TYPE = YES_ERROR;
				GCC_WARN_UNDECLARED_SELECTOR = YES;
				GCC_WARN_UNINITIALIZED_AUTOS = YES_AGGRESSIVE;
				GCC_WARN_UNUSED_FUNCTION = YES;
				GCC_WARN_UNUSED_VARIABLE = YES;
				IPHONEOS_DEPLOYMENT_TARGET = 15.4;
				MTL_ENABLE_DEBUG_INFO = INCLUDE_SOURCE;
				MTL_FAST_MATH = YES;
				ONLY_ACTIVE_ARCH = YES;
				SDKROOT = iphoneos;
			};
			name = Debug;
		};
		997685542826442D0067EEA2 /* Release */ = {
			isa = XCBuildConfiguration;
			buildSettings = {
				ALWAYS_SEARCH_USER_PATHS = NO;
				CLANG_ANALYZER_NONNULL = YES;
				CLANG_ANALYZER_NUMBER_OBJECT_CONVERSION = YES_AGGRESSIVE;
				CLANG_CXX_LANGUAGE_STANDARD = "gnu++17";
				CLANG_ENABLE_MODULES = YES;
				CLANG_ENABLE_OBJC_ARC = YES;
				CLANG_ENABLE_OBJC_WEAK = YES;
				CLANG_WARN_BLOCK_CAPTURE_AUTORELEASING = YES;
				CLANG_WARN_BOOL_CONVERSION = YES;
				CLANG_WARN_COMMA = YES;
				CLANG_WARN_CONSTANT_CONVERSION = YES;
				CLANG_WARN_DEPRECATED_OBJC_IMPLEMENTATIONS = YES;
				CLANG_WARN_DIRECT_OBJC_ISA_USAGE = YES_ERROR;
				CLANG_WARN_DOCUMENTATION_COMMENTS = YES;
				CLANG_WARN_EMPTY_BODY = YES;
				CLANG_WARN_ENUM_CONVERSION = YES;
				CLANG_WARN_INFINITE_RECURSION = YES;
				CLANG_WARN_INT_CONVERSION = YES;
				CLANG_WARN_NON_LITERAL_NULL_CONVERSION = YES;
				CLANG_WARN_OBJC_IMPLICIT_RETAIN_SELF = YES;
				CLANG_WARN_OBJC_LITERAL_CONVERSION = YES;
				CLANG_WARN_OBJC_ROOT_CLASS = YES_ERROR;
				CLANG_WARN_QUOTED_INCLUDE_IN_FRAMEWORK_HEADER = YES;
				CLANG_WARN_RANGE_LOOP_ANALYSIS = YES;
				CLANG_WARN_STRICT_PROTOTYPES = YES;
				CLANG_WARN_SUSPICIOUS_MOVE = YES;
				CLANG_WARN_UNGUARDED_AVAILABILITY = YES_AGGRESSIVE;
				CLANG_WARN_UNREACHABLE_CODE = YES;
				CLANG_WARN__DUPLICATE_METHOD_MATCH = YES;
				COPY_PHASE_STRIP = NO;
				DEBUG_INFORMATION_FORMAT = "dwarf-with-dsym";
				ENABLE_NS_ASSERTIONS = NO;
				ENABLE_STRICT_OBJC_MSGSEND = YES;
				GCC_C_LANGUAGE_STANDARD = gnu11;
				GCC_NO_COMMON_BLOCKS = YES;
				GCC_WARN_64_TO_32_BIT_CONVERSION = YES;
				GCC_WARN_ABOUT_RETURN_TYPE = YES_ERROR;
				GCC_WARN_UNDECLARED_SELECTOR = YES;
				GCC_WARN_UNINITIALIZED_AUTOS = YES_AGGRESSIVE;
				GCC_WARN_UNUSED_FUNCTION = YES;
				GCC_WARN_UNUSED_VARIABLE = YES;
				IPHONEOS_DEPLOYMENT_TARGET = 15.4;
				MTL_ENABLE_DEBUG_INFO = NO;
				MTL_FAST_MATH = YES;
				SDKROOT = iphoneos;
				VALIDATE_PRODUCT = YES;
			};
			name = Release;
		};
		997685562826442D0067EEA2 /* Debug */ = {
			isa = XCBuildConfiguration;
			baseConfigurationReference = 6BF8731F6FCBABA9A9D78AFE /* Pods-TencentCloundLogDemo.debug.xcconfig */;
			buildSettings = {
				ASSETCATALOG_COMPILER_APPICON_NAME = AppIcon;
				ASSETCATALOG_COMPILER_GLOBAL_ACCENT_COLOR_NAME = AccentColor;
				CODE_SIGN_STYLE = Automatic;
				CURRENT_PROJECT_VERSION = 1;
				DEVELOPMENT_TEAM = 2N5UVZXKN3;
				GENERATE_INFOPLIST_FILE = YES;
				INFOPLIST_FILE = TencentCloundLogDemo/Info.plist;
				INFOPLIST_KEY_UIApplicationSupportsIndirectInputEvents = YES;
				INFOPLIST_KEY_UILaunchStoryboardName = LaunchScreen;
				INFOPLIST_KEY_UIMainStoryboardFile = Main;
				INFOPLIST_KEY_UISupportedInterfaceOrientations_iPad = "UIInterfaceOrientationPortrait UIInterfaceOrientationPortraitUpsideDown UIInterfaceOrientationLandscapeLeft UIInterfaceOrientationLandscapeRight";
				INFOPLIST_KEY_UISupportedInterfaceOrientations_iPhone = "UIInterfaceOrientationPortrait UIInterfaceOrientationLandscapeLeft UIInterfaceOrientationLandscapeRight";
				LD_RUNPATH_SEARCH_PATHS = (
					"$(inherited)",
					"@executable_path/Frameworks",
				);
				MARKETING_VERSION = 1.0;
				PRODUCT_BUNDLE_IDENTIFIER = "-83477314-qq.com.TencentCloundLogDemo";
				PRODUCT_NAME = "$(TARGET_NAME)";
				SWIFT_EMIT_LOC_STRINGS = YES;
				TARGETED_DEVICE_FAMILY = "1,2";
			};
			name = Debug;
		};
		997685572826442D0067EEA2 /* Release */ = {
			isa = XCBuildConfiguration;
			baseConfigurationReference = DDE72EC522F1FDB1AE42B1AF /* Pods-TencentCloundLogDemo.release.xcconfig */;
			buildSettings = {
				ASSETCATALOG_COMPILER_APPICON_NAME = AppIcon;
				ASSETCATALOG_COMPILER_GLOBAL_ACCENT_COLOR_NAME = AccentColor;
				CODE_SIGN_STYLE = Automatic;
				CURRENT_PROJECT_VERSION = 1;
				DEVELOPMENT_TEAM = 2N5UVZXKN3;
				GENERATE_INFOPLIST_FILE = YES;
				INFOPLIST_FILE = TencentCloundLogDemo/Info.plist;
				INFOPLIST_KEY_UIApplicationSupportsIndirectInputEvents = YES;
				INFOPLIST_KEY_UILaunchStoryboardName = LaunchScreen;
				INFOPLIST_KEY_UIMainStoryboardFile = Main;
				INFOPLIST_KEY_UISupportedInterfaceOrientations_iPad = "UIInterfaceOrientationPortrait UIInterfaceOrientationPortraitUpsideDown UIInterfaceOrientationLandscapeLeft UIInterfaceOrientationLandscapeRight";
				INFOPLIST_KEY_UISupportedInterfaceOrientations_iPhone = "UIInterfaceOrientationPortrait UIInterfaceOrientationLandscapeLeft UIInterfaceOrientationLandscapeRight";
				LD_RUNPATH_SEARCH_PATHS = (
					"$(inherited)",
					"@executable_path/Frameworks",
				);
				MARKETING_VERSION = 1.0;
				PRODUCT_BUNDLE_IDENTIFIER = "-83477314-qq.com.TencentCloundLogDemo";
				PRODUCT_NAME = "$(TARGET_NAME)";
				SWIFT_EMIT_LOC_STRINGS = YES;
				TARGETED_DEVICE_FAMILY = "1,2";
			};
			name = Release;
		};
/* End XCBuildConfiguration section */

/* Begin XCConfigurationList section */
		997685372826442C0067EEA2 /* Build configuration list for PBXProject "TencentCloundLogDemo" */ = {
			isa = XCConfigurationList;
			buildConfigurations = (
				997685532826442D0067EEA2 /* Debug */,
				997685542826442D0067EEA2 /* Release */,
			);
			defaultConfigurationIsVisible = 0;
			defaultConfigurationName = Release;
		};
		997685552826442D0067EEA2 /* Build configuration list for PBXNativeTarget "TencentCloundLogDemo" */ = {
			isa = XCConfigurationList;
			buildConfigurations = (
				997685562826442D0067EEA2 /* Debug */,
				997685572826442D0067EEA2 /* Release */,
			);
			defaultConfigurationIsVisible = 0;
			defaultConfigurationName = Release;
		};
/* End XCConfigurationList section */
	};
	rootObject = 997685342826442C0067EEA2 /* Project object */;
}
