PODS:
  - GMOpenSSL (2.2.6)
  - TencentCloudLogProducer/Core (0.1.0):
    - GMOpenSSL (~> 2.2.6)

DEPENDENCIES:
  - TencentCloudLogProducer/Core (from `../../`)

SPEC REPOS:
  trunk:
    - GMOpenSSL

EXTERNAL SOURCES:
  TencentCloudLogProducer:
    :path: "../../"

SPEC CHECKSUMS:
  GMOpenSSL: 9a58d4bbae233579275605fb65f7d92fb01f3c06
  TencentCloudLogProducer: d4c7ba2826a5a2c144ce0188d6d1cce6936c78a4

PODFILE CHECKSUM: 06f8352767923c071c18e94b3fc6bd82f7b28c2f

COCOAPODS: 1.11.3
