PODS:
  - TencentCloundLogProducer/Core (0.1.0)

DEPENDENCIES:
  - TencentCloundLogProducer/Core (from `../../`)

EXTERNAL SOURCES:
  TencentCloundLogProducer:
    :path: "../../"

SPEC CHECKSUMS:
  TencentCloundLogProducer: 98afd86d4da906f65d230d837c134deb256ce829

PODFILE CHECKSUM: eb6ce5125d5b73051cddfd0c322bb99e18cea68c

COCOAPODS: 1.11.3
