PODS:
  - GMOpenSSL (2.2.6)
  - TencentCloudLogProducer/Core (0.1.0):
    - GMOpenSSL (~> 2.2.6)

DEPENDENCIES:
  - TencentCloudLogProducer/Core (from `../../`)

SPEC REPOS:
  trunk:
    - GMOpenSSL

EXTERNAL SOURCES:
  TencentCloudLogProducer:
    :path: "../../"

SPEC CHECKSUMS:
  GMOpenSSL: 9a58d4bbae233579275605fb65f7d92fb01f3c06
  TencentCloudLogProducer: 753fc761eea63de6edef5227ed56c7ed14878059

PODFILE CHECKSUM: 06f8352767923c071c18e94b3fc6bd82f7b28c2f

COCOAPODS: 1.11.3
