PODS:
  - GMOpenSSL (2.2.6)
  - Reachability (3.2)
  - TencentCloudLogProducer/Core (0.1.0):
    - GMOpenSSL (~> 2.2.6)
  - TencentCloudLogProducer/NetWorkDiagnosis (0.1.0):
    - Reachability (~> 3.2)
    - TencentCloudLogProducer/Core

DEPENDENCIES:
  - TencentCloudLogProducer/Core (from `../../`)
  - TencentCloudLogProducer/NetWorkDiagnosis (from `../../`)

SPEC REPOS:
  trunk:
    - GMOpenSSL
    - Reachability

EXTERNAL SOURCES:
  TencentCloudLogProducer:
    :path: "../../"

SPEC CHECKSUMS:
  GMOpenSSL: 9a58d4bbae233579275605fb65f7d92fb01f3c06
  Reachability: 33e18b67625424e47b6cde6d202dce689ad7af96
  TencentCloudLogProducer: 0dd22a387b8d3febd0d7aee67fa153e9367c4d6e

PODFILE CHECKSUM: 08eb0903ad8062c9e40619e96643e3b6d8eef6d2

COCOAPODS: 1.11.3
